{
  "originHash" : "6d514348c83bc0bb6280af6106cd0150c8a02e4f3d44072f68ee6856e2543cfc",
  "pins" : [
    {
      "identity" : "swiftterm",
      "kind" : "remoteSourceControl",
      "location" : "https://github.com/migueldeicaza/SwiftTerm.git",
      "state" : {
        "revision" : "0d31c2eea98e65ff1a34ec4a312099a8c25958b2",
        "version" : "1.2.1"
      }
    }
  ],
  "version" : 3
}
