{
  "originHash" : "9dc55ed4a9069c12a91d3f8bdefb4b62cb420005d9a33b214b193e9fe1b96c3d",
  "pins" : [
    {
      "identity" : "git-beacon-mac",
      "kind" : "remoteSourceControl",
      "location" : "https://github.com/marcops/git-beacon-mac.git",
      "state" : {
        "revision" : "d71e75290bb6976e5500d162a9265a50c76da811",
        "version" : "0.0.5"
      }
    },
    {
      "identity" : "swiftterm",
      "kind" : "remoteSourceControl",
      "location" : "https://github.com/migueldeicaza/SwiftTerm.git",
      "state" : {
        "revision" : "0d31c2eea98e65ff1a34ec4a312099a8c25958b2",
        "version" : "1.2.1"
      }
    }
  ],
  "version" : 3
}
