{
  "originHash" : "5c10f92f89f5985b74844ec05747b2d2d701bfe17670f28bd14a2e32ffa03b34",
  "pins" : [
    {
      "identity" : "git-beacon-mac",
      "kind" : "remoteSourceControl",
      "location" : "https://github.com/marcops/git-beacon-mac.git",
      "state" : {
        "revision" : "32ea1ba8b14715ef3552e75e835148f4e7631628",
        "version" : "0.0.2"
      }
    },
    {
      "identity" : "swiftterm",
      "kind" : "remoteSourceControl",
      "location" : "https://github.com/migueldeicaza/SwiftTerm.git",
      "state" : {
        "revision" : "0d31c2eea98e65ff1a34ec4a312099a8c25958b2",
        "version" : "1.2.1"
      }
    }
  ],
  "version" : 3
}
